[[package]]
name = "dubble"
version = "0.1.0"
source = "registry+https://github.com/rust-lang/crates.io-index"

[[package]]
name = "space-game-bimensal"
version = "0.1.0"
dependencies = [
 "dubble 0.1.0 (registry+https://github.com/rust-lang/crates.io-index)",
]

[metadata]
"checksum dubble 0.1.0 (registry+https://github.com/rust-lang/crates.io-index)" = "63a3d13d3f3bbd91ac5e915f6dfccb5f999586c93e4c8f3d414b63a86a7623ef"
